# THIS IS AN AUTOGENERATED FILE. DO NOT EDIT THIS FILE DIRECTLY.
# yarn lockfile v1


"@hotwired/stimulus@>=3.0.0", "@hotwired/stimulus@^3.0.0":
  version "3.1.0"
  resolved "https://registry.yarnpkg.com/@hotwired/stimulus/-/stimulus-3.1.0.tgz#20215251e5afe6e0a3787285181ba1bfc9097df0"
  integrity sha512-iDMHUhiEJ1xFeicyHcZQQgBzhtk5mPR0QZO3L6wtqzMsJEk2TKECuCQTGKjm+KJTHVY0dKq1dOOAWvODjpd2Mg==

"@orchidjs/sifter@^1.0.3":
  version "1.0.3"
  resolved "https://registry.yarnpkg.com/@orchidjs/sifter/-/sifter-1.0.3.tgz#43f42519472282eb632d0a1589184f044d64129b"
  integrity sha512-zCZbwKegHytfsPm8Amcfh7v/4vHqTAaOu6xFswBYcn8nznBOuseu6COB2ON7ez0tFV0mKL0nRNnCiZZA+lU9/g==
  dependencies:
    "@orchidjs/unicode-variants" "^1.0.4"

"@orchidjs/unicode-variants@^1.0.4":
  version "1.0.4"
  resolved "https://registry.yarnpkg.com/@orchidjs/unicode-variants/-/unicode-variants-1.0.4.tgz#6d2f812e3b19545bba2d81caffff1204de9a6a58"
  integrity sha512-NvVBRnZNE+dugiXERFsET1JlKZfM5lJDEpSMilKW4bToYJ7pxf0Zne78xyXB2ny2c2aHfJ6WLnz1AaTNHAmQeQ==

"@types/json-schema@^7.0.8":
  version "7.0.11"
  resolved "https://registry.yarnpkg.com/@types/json-schema/-/json-schema-7.0.11.tgz#d421b6c527a3037f7c84433fd2c4229e016863d3"
  integrity sha512-wOuvG1SN4Us4rez+tylwwwCV1psiNVOkJeM3AUWUNWg/jDQY2+HE/444y5gc+jBmRqASOm2Oeh5c1axHobwRKQ==

ajv-keywords@^3.5.2:
  version "3.5.2"
  resolved "https://registry.yarnpkg.com/ajv-keywords/-/ajv-keywords-3.5.2.tgz#31f29da5ab6e00d1c2d329acf7b5929614d5014d"
  integrity sha512-5p6WTN0DdTGVQk6VjcEju19IgaHudalcfabD7yhDGeA6bcQnmL+CpveLJq/3hvfwd1aof6L386Ougkx6RfyMIQ==

ajv@^6.12.5:
  version "6.12.6"
  resolved "https://registry.yarnpkg.com/ajv/-/ajv-6.12.6.tgz#baf5a62e802b07d977034586f8c3baf5adf26df4"
  integrity sha512-j3fVLgvTo527anyYyJOGTYJbG+vnnQYvE0m5mmkc1TK+nxAppkCLMIL0aZ4dblVCNoGShhm+kzE4ZUykBoMg4g==
  dependencies:
    fast-deep-equal "^3.1.1"
    fast-json-stable-stringify "^2.0.0"
    json-schema-traverse "^0.4.1"
    uri-js "^4.2.2"

big.js@^5.2.2:
  version "5.2.2"
  resolved "https://registry.yarnpkg.com/big.js/-/big.js-5.2.2.tgz#65f0af382f578bcdc742bd9c281e9cb2d7768328"
  integrity sha512-vyL2OymJxmarO8gxMr0mhChsO9QGwhynfuu4+MHTAW6czfq9humCB7rKpUjDd9YUiDPU4mzpyupFSvOClAwbmQ==

emojis-list@^3.0.0:
  version "3.0.0"
  resolved "https://registry.yarnpkg.com/emojis-list/-/emojis-list-3.0.0.tgz#5570662046ad29e2e916e71aae260abdff4f6a78"
  integrity sha512-/kyM18EfinwXZbno9FyUGeFh87KC8HRQBQGildHZbEuRyWFOmv1U10o9BBp8XVZDVNNuQKyIGIu5ZYAAXJ0V2Q==

fast-deep-equal@^3.1.1:
  version "3.1.3"
  resolved "https://registry.yarnpkg.com/fast-deep-equal/-/fast-deep-equal-3.1.3.tgz#3a7d56b559d6cbc3eb512325244e619a65c6c525"
  integrity sha512-f3qQ9oQy9j2AhBe/H9VC91wLmKBCCU/gDOnKNAYG5hswO7BLKj09Hc5HYNz9cGI++xlpDCIgDaitVs03ATR84Q==

fast-json-stable-stringify@^2.0.0:
  version "2.1.0"
  resolved "https://registry.yarnpkg.com/fast-json-stable-stringify/-/fast-json-stable-stringify-2.1.0.tgz#874bf69c6f404c2b5d99c481341399fd55892633"
  integrity sha512-lhd/wF+Lk98HZoTCtlVraHtfh5XYijIjalXck7saUtuanSDyLMxnHhSXEDJqHxD7msR8D0uCmqlkwjCV8xvwHw==

flatpickr@^4.6.9:
  version "4.6.13"
  resolved "https://registry.yarnpkg.com/flatpickr/-/flatpickr-4.6.13.tgz#8a029548187fd6e0d670908471e43abe9ad18d94"
  integrity sha512-97PMG/aywoYpB4IvbvUJi0RQi8vearvU0oov1WW3k0WZPBMrTQVqekSX5CjSG/M4Q3i6A/0FKXC7RyAoAUUSPw==

hotkeys-js@>=3:
  version "3.9.5"
  resolved "https://registry.yarnpkg.com/hotkeys-js/-/hotkeys-js-3.9.5.tgz#8314d0522bf2601e36003213047e9dc7d56d19fe"
  integrity sha512-T0G8CUZ6Q1IOgPnLK1hDXR8DqgKF/VWEsHvZgi6CM7Ub9oOAzvWuJ3Qhc/9nFQaR26MfFOZSwULHrtCnsUX7zA==

json-schema-traverse@^0.4.1:
  version "0.4.1"
  resolved "https://registry.yarnpkg.com/json-schema-traverse/-/json-schema-traverse-0.4.1.tgz#69f6a87d9513ab8bb8fe63bdb0979c448e684660"
  integrity sha512-xbbCH5dCYU5T8LcEhhuh7HJ88HXuW3qsI3Y0zOZFKfZEHcpWiHU/Jxzk629Brsab/mMiHQti9wMP+845RPe3Vg==

json5@^2.1.2:
  version "2.2.3"
  resolved "https://registry.yarnpkg.com/json5/-/json5-2.2.3.tgz#78cd6f1a19bdc12b73db5ad0c61efd66c1e29283"
  integrity sha512-XmOWe7eyHYH14cLdVPoyg+GOH3rYX++KpzrylJwSW98t3Nk+U8XOl8FWKOgwtzdb8lXGf6zYwDUzeHMWfxasyg==

loader-utils@^2.0.0:
  version "2.0.4"
  resolved "https://registry.yarnpkg.com/loader-utils/-/loader-utils-2.0.4.tgz#8b5cb38b5c34a9a018ee1fc0e6a066d1dfcc528c"
  integrity sha512-xXqpXoINfFhgua9xiqD8fPFHgkoq1mmmpE92WlDbm9rNRd/EbRb+Gqf908T2DMfuHjjJlksiK2RbHVOdD/MqSw==
  dependencies:
    big.js "^5.2.2"
    emojis-list "^3.0.0"
    json5 "^2.1.2"

punycode@^2.1.0:
  version "2.3.0"
  resolved "https://registry.yarnpkg.com/punycode/-/punycode-2.3.0.tgz#f67fa67c94da8f4d0cfff981aee4118064199b8f"
  integrity sha512-rRV+zQD8tVFys26lAGR9WUuS4iUAngJScM+ZRSKtvl5tKeZ2t5bvdNFdNHBW9FWR4guGHlgmsZ1G7BSm2wTbuA==

raw-loader@^4.0.2:
  version "4.0.2"
  resolved "https://registry.yarnpkg.com/raw-loader/-/raw-loader-4.0.2.tgz#1aac6b7d1ad1501e66efdac1522c73e59a584eb6"
  integrity sha512-ZnScIV3ag9A4wPX/ZayxL/jZH+euYb6FcUinPcgiQW0+UBtEv0O6Q3lGd3cqJ+GHH+rksEv3Pj99oxJ3u3VIKA==
  dependencies:
    loader-utils "^2.0.0"
    schema-utils "^3.0.0"

schema-utils@^3.0.0:
  version "3.1.1"
  resolved "https://registry.yarnpkg.com/schema-utils/-/schema-utils-3.1.1.tgz#bc74c4b6b6995c1d88f76a8b77bea7219e0c8281"
  integrity sha512-Y5PQxS4ITlC+EahLuXaY86TXfR7Dc5lw294alXOq86JAHCihAIZfqv8nNCWvaEJvaC51uN9hbLGeV0cFBdH+Fw==
  dependencies:
    "@types/json-schema" "^7.0.8"
    ajv "^6.12.5"
    ajv-keywords "^3.5.2"

stimulus-dropdown@^2.0.0:
  version "2.0.0"
  resolved "https://registry.yarnpkg.com/stimulus-dropdown/-/stimulus-dropdown-2.0.0.tgz#3d401e418be21787f182c0de4bf0d2fd91cfbf8e"
  integrity sha512-3VUZ4TI9qHvzw+sOEX1oQA8Pw8C/K5yI+oltr5B9DTwFzuJrFZRWR33OK3ERllzZep+quvHZZljIpIRifKCmCg==
  dependencies:
    stimulus-use "^0.50.0-2"

stimulus-use@^0.50.0-2:
  version "0.50.0"
  resolved "https://registry.yarnpkg.com/stimulus-use/-/stimulus-use-0.50.0.tgz#0bae92fbb1fd961cbb23569f9edd12ae642ce4a6"
  integrity sha512-9NScZQiOycQdzh8VZ15pxk6ep/a22fgha2halOvZFpJITC4nsTbWlO7D1hm+9LspFxa5b28tQhm3XkbH/qAlGw==
  dependencies:
    hotkeys-js ">=3"

stimulus-use@^0.51.1:
  version "0.51.1"
  resolved "https://registry.yarnpkg.com/stimulus-use/-/stimulus-use-0.51.1.tgz#55e775eee26d583ee4bdb4427d58979885408ebe"
  integrity sha512-e7yEDHWz1GrDWwTc1y1Nnz62HPjELRAfn5q1JSCpTj1wHCCs4NNRUR14oZ08xxlp/4bjrgApMOKRkMPKA2TmVg==
  dependencies:
    hotkeys-js ">=3"

tailwindcss-stimulus-components@^3.0.1:
  version "3.0.4"
  resolved "https://registry.yarnpkg.com/tailwindcss-stimulus-components/-/tailwindcss-stimulus-components-3.0.4.tgz#598a880aed1a4966c2bf85fcc9c65fb63d02d2f0"
  integrity sha512-kv4CHEcTvZSmthV6PseSdnW/QqKh237fZrvbNKNhWeYsTuEnOrKvdbR+3CmpuTok7L4XgEXk+XOFfo7AMhhtAA==
  dependencies:
    "@hotwired/stimulus" ">=3.0.0"

tom-select@^2.0.0:
  version "2.2.2"
  resolved "https://registry.yarnpkg.com/tom-select/-/tom-select-2.2.2.tgz#8e5f9296e6d80254feccb57f0986bd6c44d126e2"
  integrity sha512-igGah1yY6yhrnN2h/Ky8I5muw/nE/YQxIsEZoYu5qaA4bsRibvKto3s8QZZosKpOd0uO8fNYhRfAwgHB4IAYew==
  dependencies:
    "@orchidjs/sifter" "^1.0.3"
    "@orchidjs/unicode-variants" "^1.0.4"

uri-js@^4.2.2:
  version "4.4.1"
  resolved "https://registry.yarnpkg.com/uri-js/-/uri-js-4.4.1.tgz#9b1a52595225859e55f669d928f88c6c57f2a77e"
  integrity sha512-7rKUyy33Q1yc98pQ1DAmLtwX109F7TIfWlW1Ydo8Wl1ii1SeHieeh0HHfPeL2fMXK6z0s8ecKs9frCuLJvndBg==
  dependencies:
    punycode "^2.1.0"
